
Microsoft Visual Studio Solution File, Format Version 12.00
# Visual Studio Version 17
VisualStudioVersion = 17.5.33530.505
MinimumVisualStudioVersion = 10.0.40219.1
Project("{888888A0-9F3D-457C-B088-3A5042F75D52}") = "Coding Assessment", "Coding Assessment.pyproj", "{E24F6FC3-3909-4806-8049-77017FB3C3BD}"
EndProject
Global
	GlobalSection(SolutionConfigurationPlatforms) = preSolution
		Debug|Any CPU = Debug|Any CPU
		Release|Any CPU = Release|Any CPU
	EndGlobalSection
	GlobalSection(ProjectConfigurationPlatforms) = postSolution
		{E24F6FC3-3909-4806-8049-77017FB3C3BD}.Debug|Any CPU.ActiveCfg = Debug|Any CPU
		{E24F6FC3-3909-4806-8049-77017FB3C3BD}.Release|Any CPU.ActiveCfg = Release|Any CPU
	EndGlobalSection
	GlobalSection(SolutionProperties) = preSolution
		HideSolutionNode = FALSE
	EndGlobalSection
	GlobalSection(ExtensibilityGlobals) = postSolution
		SolutionGuid = {AB2DC0A8-B0AF-4557-9910-74037FC80ED9}
	EndGlobalSection
EndGlobal
